// !$*UTF8*$!
{
	archiveVersion = 1;
	classes = {
	};
	objectVersion = 46;
	objects = {

/* Begin PBXBuildFile section */
		803BD7F316958CDE00755982 /* UIKit.framework in Frameworks */ = {isa = PBXBuildFile; fileRef = 803BD7F216958CDE00755982 /* UIKit.framework */; };
		803BD7F516958CDE00755982 /* Foundation.framework in Frameworks */ = {isa = PBXBuildFile; fileRef = 803BD7F416958CDE00755982 /* Foundation.framework */; };
		803BD7F716958CDE00755982 /* CoreGraphics.framework in Frameworks */ = {isa = PBXBuildFile; fileRef = 803BD7F616958CDE00755982 /* CoreGraphics.framework */; };
		803BD7FD16958CDE00755982 /* InfoPlist.strings in Resources */ = {isa = PBXBuildFile; fileRef = 803BD7FB16958CDE00755982 /* InfoPlist.strings */; };
		803BD7FF16958CDE00755982 /* main.m in Sources */ = {isa = PBXBuildFile; fileRef = 803BD7FE16958CDE00755982 /* main.m */; };
		803BD80316958CDE00755982 /* AppDelegate.m in Sources */ = {isa = PBXBuildFile; fileRef = 803BD80216958CDE00755982 /* AppDelegate.m */; };
		803BD80516958CDE00755982 /* Default.png in Resources */ = {isa = PBXBuildFile; fileRef = 803BD80416958CDE00755982 /* Default.png */; };
		803BD80716958CDE00755982 /* Default@2x.png in Resources */ = {isa = PBXBuildFile; fileRef = 803BD80616958CDE00755982 /* Default@2x.png */; };
		803BD80916958CDE00755982 /* Default-568h@2x.png in Resources */ = {isa = PBXBuildFile; fileRef = 803BD80816958CDE00755982 /* Default-568h@2x.png */; };
		803BD80C16958CDE00755982 /* MasterViewController.m in Sources */ = {isa = PBXBuildFile; fileRef = 803BD80B16958CDE00755982 /* MasterViewController.m */; };
		803BD80F16958CDE00755982 /* DetailViewController.m in Sources */ = {isa = PBXBuildFile; fileRef = 803BD80E16958CDE00755982 /* DetailViewController.m */; };
		803BD81216958CDE00755982 /* MasterViewController.xib in Resources */ = {isa = PBXBuildFile; fileRef = 803BD81016958CDE00755982 /* MasterViewController.xib */; };
		803BD81516958CDE00755982 /* DetailViewController.xib in Resources */ = {isa = PBXBuildFile; fileRef = 803BD81316958CDE00755982 /* DetailViewController.xib */; };
/* End PBXBuildFile section */

/* Begin PBXFileReference section */
		803BD7EE16958CDE00755982 /* GestureOnTableviewList.app */ = {isa = PBXFileReference; explicitFileType = wrapper.application; includeInIndex = 0; path = GestureOnTableviewList.app; sourceTree = BUILT_PRODUCTS_DIR; };
		803BD7F216958CDE00755982 /* UIKit.framework */ = {isa = PBXFileReference; lastKnownFileType = wrapper.framework; name = UIKit.framework; path = System/Library/Frameworks/UIKit.framework; sourceTree = SDKROOT; };
		803BD7F416958CDE00755982 /* Foundation.framework */ = {isa = PBXFileReference; lastKnownFileType = wrapper.framework; name = Foundation.framework; path = System/Library/Frameworks/Foundation.framework; sourceTree = SDKROOT; };
		803BD7F616958CDE00755982 /* CoreGraphics.framework */ = {isa = PBXFileReference; lastKnownFileType = wrapper.framework; name = CoreGraphics.framework; path = System/Library/Frameworks/CoreGraphics.framework; sourceTree = SDKROOT; };
		803BD7FA16958CDE00755982 /* GestureOnTableviewList-Info.plist */ = {isa = PBXFileReference; lastKnownFileType = text.plist.xml; path = "GestureOnTableviewList-Info.plist"; sourceTree = "<group>"; };
		803BD7FC16958CDE00755982 /* en */ = {isa = PBXFileReference; lastKnownFileType = text.plist.strings; name = en; path = en.lproj/InfoPlist.strings; sourceTree = "<group>"; };
		803BD7FE16958CDE00755982 /* main.m */ = {isa = PBXFileReference; lastKnownFileType = sourcecode.c.objc; path = main.m; sourceTree = "<group>"; };
		803BD80016958CDE00755982 /* GestureOnTableviewList-Prefix.pch */ = {isa = PBXFileReference; lastKnownFileType = sourcecode.c.h; path = "GestureOnTableviewList-Prefix.pch"; sourceTree = "<group>"; };
		803BD80116958CDE00755982 /* AppDelegate.h */ = {isa = PBXFileReference; lastKnownFileType = sourcecode.c.h; path = AppDelegate.h; sourceTree = "<group>"; };
		803BD80216958CDE00755982 /* AppDelegate.m */ = {isa = PBXFileReference; lastKnownFileType = sourcecode.c.objc; path = AppDelegate.m; sourceTree = "<group>"; };
		803BD80416958CDE00755982 /* Default.png */ = {isa = PBXFileReference; lastKnownFileType = image.png; path = Default.png; sourceTree = "<group>"; };
		803BD80616958CDE00755982 /* Default@2x.png */ = {isa = PBXFileReference; lastKnownFileType = image.png; path = "Default@2x.png"; sourceTree = "<group>"; };
		803BD80816958CDE00755982 /* Default-568h@2x.png */ = {isa = PBXFileReference; lastKnownFileType = image.png; path = "Default-568h@2x.png"; sourceTree = "<group>"; };
		803BD80A16958CDE00755982 /* MasterViewController.h */ = {isa = PBXFileReference; lastKnownFileType = sourcecode.c.h; path = MasterViewController.h; sourceTree = "<group>"; };
		803BD80B16958CDE00755982 /* MasterViewController.m */ = {isa = PBXFileReference; lastKnownFileType = sourcecode.c.objc; path = MasterViewController.m; sourceTree = "<group>"; };
		803BD80D16958CDE00755982 /* DetailViewController.h */ = {isa = PBXFileReference; lastKnownFileType = sourcecode.c.h; path = DetailViewController.h; sourceTree = "<group>"; };
		803BD80E16958CDE00755982 /* DetailViewController.m */ = {isa = PBXFileReference; lastKnownFileType = sourcecode.c.objc; path = DetailViewController.m; sourceTree = "<group>"; };
		803BD81116958CDE00755982 /* en */ = {isa = PBXFileReference; lastKnownFileType = file.xib; name = en; path = en.lproj/MasterViewController.xib; sourceTree = "<group>"; };
		803BD81416958CDE00755982 /* en */ = {isa = PBXFileReference; lastKnownFileType = file.xib; name = en; path = en.lproj/DetailViewController.xib; sourceTree = "<group>"; };
/* End PBXFileReference section */

/* Begin PBXFrameworksBuildPhase section */
		803BD7EB16958CDE00755982 /* Frameworks */ = {
			isa = PBXFrameworksBuildPhase;
			buildActionMask = 2147483647;
			files = (
				803BD7F316958CDE00755982 /* UIKit.framework in Frameworks */,
				803BD7F516958CDE00755982 /* Foundation.framework in Frameworks */,
				803BD7F716958CDE00755982 /* CoreGraphics.framework in Frameworks */,
			);
			runOnlyForDeploymentPostprocessing = 0;
		};
/* End PBXFrameworksBuildPhase section */

/* Begin PBXGroup section */
		803BD7E316958CDE00755982 = {
			isa = PBXGroup;
			children = (
				803BD7F816958CDE00755982 /* GestureOnTableviewList */,
				803BD7F116958CDE00755982 /* Frameworks */,
				803BD7EF16958CDE00755982 /* Products */,
			);
			sourceTree = "<group>";
		};
		803BD7EF16958CDE00755982 /* Products */ = {
			isa = PBXGroup;
			children = (
				803BD7EE16958CDE00755982 /* GestureOnTableviewList.app */,
			);
			name = Products;
			sourceTree = "<group>";
		};
		803BD7F116958CDE00755982 /* Frameworks */ = {
			isa = PBXGroup;
			children = (
				803BD7F216958CDE00755982 /* UIKit.framework */,
				803BD7F416958CDE00755982 /* Foundation.framework */,
				803BD7F616958CDE00755982 /* CoreGraphics.framework */,
			);
			name = Frameworks;
			sourceTree = "<group>";
		};
		803BD7F816958CDE00755982 /* GestureOnTableviewList */ = {
			isa = PBXGroup;
			children = (
				803BD80116958CDE00755982 /* AppDelegate.h */,
				803BD80216958CDE00755982 /* AppDelegate.m */,
				803BD80A16958CDE00755982 /* MasterViewController.h */,
				803BD80B16958CDE00755982 /* MasterViewController.m */,
				803BD80D16958CDE00755982 /* DetailViewController.h */,
				803BD80E16958CDE00755982 /* DetailViewController.m */,
				803BD81016958CDE00755982 /* MasterViewController.xib */,
				803BD81316958CDE00755982 /* DetailViewController.xib */,
				803BD7F916958CDE00755982 /* Supporting Files */,
			);
			path = GestureOnTableviewList;
			sourceTree = "<group>";
		};
		803BD7F916958CDE00755982 /* Supporting Files */ = {
			isa = PBXGroup;
			children = (
				803BD7FA16958CDE00755982 /* GestureOnTableviewList-Info.plist */,
				803BD7FB16958CDE00755982 /* InfoPlist.strings */,
				803BD7FE16958CDE00755982 /* main.m */,
				803BD80016958CDE00755982 /* GestureOnTableviewList-Prefix.pch */,
				803BD80416958CDE00755982 /* Default.png */,
				803BD80616958CDE00755982 /* Default@2x.png */,
				803BD80816958CDE00755982 /* Default-568h@2x.png */,
			);
			name = "Supporting Files";
			sourceTree = "<group>";
		};
/* End PBXGroup section */

/* Begin PBXNativeTarget section */
		803BD7ED16958CDE00755982 /* GestureOnTableviewList */ = {
			isa = PBXNativeTarget;
			buildConfigurationList = 803BD81816958CDE00755982 /* Build configuration list for PBXNativeTarget "GestureOnTableviewList" */;
			buildPhases = (
				803BD7EA16958CDE00755982 /* Sources */,
				803BD7EB16958CDE00755982 /* Frameworks */,
				803BD7EC16958CDE00755982 /* Resources */,
			);
			buildRules = (
			);
			dependencies = (
			);
			name = GestureOnTableviewList;
			productName = GestureOnTableviewList;
			productReference = 803BD7EE16958CDE00755982 /* GestureOnTableviewList.app */;
			productType = "com.apple.product-type.application";
		};
/* End PBXNativeTarget section */

/* Begin PBXProject section */
		803BD7E516958CDE00755982 /* Project object */ = {
			isa = PBXProject;
			attributes = {
				LastUpgradeCheck = 0450;
				ORGANIZATIONNAME = RbBtSn0w;
			};
			buildConfigurationList = 803BD7E816958CDE00755982 /* Build configuration list for PBXProject "GestureOnTableviewList" */;
			compatibilityVersion = "Xcode 3.2";
			developmentRegion = English;
			hasScannedForEncodings = 0;
			knownRegions = (
				en,
			);
			mainGroup = 803BD7E316958CDE00755982;
			productRefGroup = 803BD7EF16958CDE00755982 /* Products */;
			projectDirPath = "";
			projectRoot = "";
			targets = (
				803BD7ED16958CDE00755982 /* GestureOnTableviewList */,
			);
		};
/* End PBXProject section */

/* Begin PBXResourcesBuildPhase section */
		803BD7EC16958CDE00755982 /* Resources */ = {
			isa = PBXResourcesBuildPhase;
			buildActionMask = 2147483647;
			files = (
				803BD7FD16958CDE00755982 /* InfoPlist.strings in Resources */,
				803BD80516958CDE00755982 /* Default.png in Resources */,
				803BD80716958CDE00755982 /* Default@2x.png in Resources */,
				803BD80916958CDE00755982 /* Default-568h@2x.png in Resources */,
				803BD81216958CDE00755982 /* MasterViewController.xib in Resources */,
				803BD81516958CDE00755982 /* DetailViewController.xib in Resources */,
			);
			runOnlyForDeploymentPostprocessing = 0;
		};
/* End PBXResourcesBuildPhase section */

/* Begin PBXSourcesBuildPhase section */
		803BD7EA16958CDE00755982 /* Sources */ = {
			isa = PBXSourcesBuildPhase;
			buildActionMask = 2147483647;
			files = (
				803BD7FF16958CDE00755982 /* main.m in Sources */,
				803BD80316958CDE00755982 /* AppDelegate.m in Sources */,
				803BD80C16958CDE00755982 /* MasterViewController.m in Sources */,
				803BD80F16958CDE00755982 /* DetailViewController.m in Sources */,
			);
			runOnlyForDeploymentPostprocessing = 0;
		};
/* End PBXSourcesBuildPhase section */

/* Begin PBXVariantGroup section */
		803BD7FB16958CDE00755982 /* InfoPlist.strings */ = {
			isa = PBXVariantGroup;
			children = (
				803BD7FC16958CDE00755982 /* en */,
			);
			name = InfoPlist.strings;
			sourceTree = "<group>";
		};
		803BD81016958CDE00755982 /* MasterViewController.xib */ = {
			isa = PBXVariantGroup;
			children = (
				803BD81116958CDE00755982 /* en */,
			);
			name = MasterViewController.xib;
			sourceTree = "<group>";
		};
		803BD81316958CDE00755982 /* DetailViewController.xib */ = {
			isa = PBXVariantGroup;
			children = (
				803BD81416958CDE00755982 /* en */,
			);
			name = DetailViewController.xib;
			sourceTree = "<group>";
		};
/* End PBXVariantGroup section */

/* Begin XCBuildConfiguration section */
		803BD81616958CDE00755982 /* Debug */ = {
			isa = XCBuildConfiguration;
			buildSettings = {
				ALWAYS_SEARCH_USER_PATHS = NO;
				CLANG_CXX_LANGUAGE_STANDARD = "gnu++0x";
				CLANG_CXX_LIBRARY = "libc++";
				CLANG_WARN_EMPTY_BODY = YES;
				CLANG_WARN__DUPLICATE_METHOD_MATCH = YES;
				"CODE_SIGN_IDENTITY[sdk=iphoneos*]" = "iPhone Developer";
				COPY_PHASE_STRIP = NO;
				GCC_C_LANGUAGE_STANDARD = gnu99;
				GCC_DYNAMIC_NO_PIC = NO;
				GCC_OPTIMIZATION_LEVEL = 0;
				GCC_PREPROCESSOR_DEFINITIONS = (
					"DEBUG=1",
					"$(inherited)",
				);
				GCC_SYMBOLS_PRIVATE_EXTERN = NO;
				GCC_WARN_ABOUT_RETURN_TYPE = YES;
				GCC_WARN_UNINITIALIZED_AUTOS = YES;
				GCC_WARN_UNUSED_VARIABLE = YES;
				IPHONEOS_DEPLOYMENT_TARGET = 6.0;
				ONLY_ACTIVE_ARCH = YES;
				SDKROOT = iphoneos;
			};
			name = Debug;
		};
		803BD81716958CDE00755982 /* Release */ = {
			isa = XCBuildConfiguration;
			buildSettings = {
				ALWAYS_SEARCH_USER_PATHS = NO;
				CLANG_CXX_LANGUAGE_STANDARD = "gnu++0x";
				CLANG_CXX_LIBRARY = "libc++";
				CLANG_WARN_EMPTY_BODY = YES;
				CLANG_WARN__DUPLICATE_METHOD_MATCH = YES;
				"CODE_SIGN_IDENTITY[sdk=iphoneos*]" = "iPhone Developer";
				COPY_PHASE_STRIP = YES;
				GCC_C_LANGUAGE_STANDARD = gnu99;
				GCC_WARN_ABOUT_RETURN_TYPE = YES;
				GCC_WARN_UNINITIALIZED_AUTOS = YES;
				GCC_WARN_UNUSED_VARIABLE = YES;
				IPHONEOS_DEPLOYMENT_TARGET = 6.0;
				OTHER_CFLAGS = "-DNS_BLOCK_ASSERTIONS=1";
				SDKROOT = iphoneos;
				VALIDATE_PRODUCT = YES;
			};
			name = Release;
		};
		803BD81916958CDE00755982 /* Debug */ = {
			isa = XCBuildConfiguration;
			buildSettings = {
				GCC_PRECOMPILE_PREFIX_HEADER = YES;
				GCC_PREFIX_HEADER = "GestureOnTableviewList/GestureOnTableviewList-Prefix.pch";
				INFOPLIST_FILE = "GestureOnTableviewList/GestureOnTableviewList-Info.plist";
				PRODUCT_NAME = "$(TARGET_NAME)";
				WRAPPER_EXTENSION = app;
			};
			name = Debug;
		};
		803BD81A16958CDE00755982 /* Release */ = {
			isa = XCBuildConfiguration;
			buildSettings = {
				GCC_PRECOMPILE_PREFIX_HEADER = YES;
				GCC_PREFIX_HEADER = "GestureOnTableviewList/GestureOnTableviewList-Prefix.pch";
				INFOPLIST_FILE = "GestureOnTableviewList/GestureOnTableviewList-Info.plist";
				PRODUCT_NAME = "$(TARGET_NAME)";
				WRAPPER_EXTENSION = app;
			};
			name = Release;
		};
/* End XCBuildConfiguration section */

/* Begin XCConfigurationList section */
		803BD7E816958CDE00755982 /* Build configuration list for PBXProject "GestureOnTableviewList" */ = {
			isa = XCConfigurationList;
			buildConfigurations = (
				803BD81616958CDE00755982 /* Debug */,
				803BD81716958CDE00755982 /* Release */,
			);
			defaultConfigurationIsVisible = 0;
			defaultConfigurationName = Release;
		};
		803BD81816958CDE00755982 /* Build configuration list for PBXNativeTarget "GestureOnTableviewList" */ = {
			isa = XCConfigurationList;
			buildConfigurations = (
				803BD81916958CDE00755982 /* Debug */,
				803BD81A16958CDE00755982 /* Release */,
			);
			defaultConfigurationIsVisible = 0;
		};
/* End XCConfigurationList section */
	};
	rootObject = 803BD7E516958CDE00755982 /* Project object */;
}
